
Microsoft Visual Studio Solution File, Format Version 11.00
# Visual Studio 2010
Project("{FAE04EC0-301F-11D3-BF4B-00C04F79EFBC}") = "Assembly-CSharp-firstpass", "Assembly-CSharp-firstpass.csproj", "{8a8f2593-1d10-5727-d260-b603d9e5a5c1}"
EndProject
Project("{FAE04EC0-301F-11D3-BF4B-00C04F79EFBC}") = "Assembly-CSharp", "Assembly-CSharp.csproj", "{9eff16e8-72fe-2640-66c0-935382446118}"
EndProject
Project("{FAE04EC0-301F-11D3-BF4B-00C04F79EFBC}") = "Assembly-CSharp-Editor-firstpass", "Assembly-CSharp-Editor-firstpass.csproj", "{b8fd93c2-95f5-0758-d647-eadc37dec6bf}"
EndProject
Global
	GlobalSection(SolutionConfigurationPlatforms) = preSolution
		Debug|Any CPU = Debug|Any CPU
		Release|Any CPU = Release|Any CPU
	EndGlobalSection
	GlobalSection(ProjectConfigurationPlatforms) = postSolution
		{8a8f2593-1d10-5727-d260-b603d9e5a5c1}.Debug|Any CPU.ActiveCfg = Debug|Any CPU
		{8a8f2593-1d10-5727-d260-b603d9e5a5c1}.Debug|Any CPU.Build.0 = Debug|Any CPU
		{8a8f2593-1d10-5727-d260-b603d9e5a5c1}.Release|Any CPU.ActiveCfg = Release|Any CPU
		{8a8f2593-1d10-5727-d260-b603d9e5a5c1}.Release|Any CPU.Build.0 = Release|Any CPU
		{9eff16e8-72fe-2640-66c0-935382446118}.Debug|Any CPU.ActiveCfg = Debug|Any CPU
		{9eff16e8-72fe-2640-66c0-935382446118}.Debug|Any CPU.Build.0 = Debug|Any CPU
		{9eff16e8-72fe-2640-66c0-935382446118}.Release|Any CPU.ActiveCfg = Release|Any CPU
		{9eff16e8-72fe-2640-66c0-935382446118}.Release|Any CPU.Build.0 = Release|Any CPU
		{b8fd93c2-95f5-0758-d647-eadc37dec6bf}.Debug|Any CPU.ActiveCfg = Debug|Any CPU
		{b8fd93c2-95f5-0758-d647-eadc37dec6bf}.Debug|Any CPU.Build.0 = Debug|Any CPU
		{b8fd93c2-95f5-0758-d647-eadc37dec6bf}.Release|Any CPU.ActiveCfg = Release|Any CPU
		{b8fd93c2-95f5-0758-d647-eadc37dec6bf}.Release|Any CPU.Build.0 = Release|Any CPU
	EndGlobalSection
	GlobalSection(SolutionProperties) = preSolution
		HideSolutionNode = FALSE
	EndGlobalSection
EndGlobal
